
Microsoft Visual Studio Solution File, Format Version 12.00
# Visual Studio Version 16
VisualStudioVersion = 16.0.30523.141
MinimumVisualStudioVersion = 10.0.40219.1
Project("{FAE04EC0-301F-11D3-BF4B-00C04F79EFBC}") = "LockCheck", "LockCheck\LockCheck.csproj", "{CC3BF24A-0A94-4655-A3EF-A722974F0872}"
EndProject
Project("{2150E333-8FDC-42A3-9474-1A3956D46DE8}") = "Solution Items", "Solution Items", "{7866B6F0-7EDD-450D-9674-34C69C96CE23}"
	ProjectSection(SolutionItems) = preProject
		.gitignore = .gitignore
		LICENSE = LICENSE
		README.md = README.md
	EndProjectSection
EndProject
#Project("{FAE04EC0-301F-11D3-BF4B-00C04F79EFBC}") = "Test.NetFx", "Test.NetFx\Test.NetFx.csproj", "{59AD5D14-E89C-4C69-A611-15F4F112F6EC}"
#EndProject
Project("{FAE04EC0-301F-11D3-BF4B-00C04F79EFBC}") = "Test.NetCore", "Test.NetCore\Test.NetCore.csproj", "{880999F1-8C2C-4798-8443-19D6CBED3D0F}"
EndProject
Project("{FAE04EC0-301F-11D3-BF4B-00C04F79EFBC}") = "LockCheck.Tests", "LockCheck.Tests\LockCheck.Tests.csproj", "{2970DE55-5A3A-4252-ABF9-9146A759AFD2}"
EndProject
Project("{FAE04EC0-301F-11D3-BF4B-00C04F79EFBC}") = "LockCheckTool", "LockCheckTool\LockCheckTool.csproj", "{AAB30D88-20E8-5AF2-E863-11F6D5BCCF0B}"
EndProject
Global
	GlobalSection(SolutionConfigurationPlatforms) = preSolution
		Debug|Any CPU = Debug|Any CPU
		Debug|Mixed Platforms = Debug|Mixed Platforms
		Debug|Win32 = Debug|Win32
		Release|Any CPU = Release|Any CPU
		Release|Mixed Platforms = Release|Mixed Platforms
		Release|Win32 = Release|Win32
	EndGlobalSection
	GlobalSection(ProjectConfigurationPlatforms) = postSolution
		{CC3BF24A-0A94-4655-A3EF-A722974F0872}.Debug|Any CPU.ActiveCfg = Debug|Any CPU
		{CC3BF24A-0A94-4655-A3EF-A722974F0872}.Debug|Any CPU.Build.0 = Debug|Any CPU
		{CC3BF24A-0A94-4655-A3EF-A722974F0872}.Debug|Mixed Platforms.ActiveCfg = Debug|Any CPU
		{CC3BF24A-0A94-4655-A3EF-A722974F0872}.Debug|Mixed Platforms.Build.0 = Debug|Any CPU
		{CC3BF24A-0A94-4655-A3EF-A722974F0872}.Debug|Win32.ActiveCfg = Debug|Any CPU
		{CC3BF24A-0A94-4655-A3EF-A722974F0872}.Release|Any CPU.ActiveCfg = Release|Any CPU
		{CC3BF24A-0A94-4655-A3EF-A722974F0872}.Release|Any CPU.Build.0 = Release|Any CPU
		{CC3BF24A-0A94-4655-A3EF-A722974F0872}.Release|Mixed Platforms.ActiveCfg = Release|Any CPU
		{CC3BF24A-0A94-4655-A3EF-A722974F0872}.Release|Mixed Platforms.Build.0 = Release|Any CPU
		{CC3BF24A-0A94-4655-A3EF-A722974F0872}.Release|Win32.ActiveCfg = Release|Any CPU
		{59AD5D14-E89C-4C69-A611-15F4F112F6EC}.Debug|Any CPU.ActiveCfg = Debug|Any CPU
		{59AD5D14-E89C-4C69-A611-15F4F112F6EC}.Debug|Any CPU.Build.0 = Debug|Any CPU
		{59AD5D14-E89C-4C69-A611-15F4F112F6EC}.Debug|Mixed Platforms.ActiveCfg = Debug|Any CPU
		{59AD5D14-E89C-4C69-A611-15F4F112F6EC}.Debug|Mixed Platforms.Build.0 = Debug|Any CPU
		{59AD5D14-E89C-4C69-A611-15F4F112F6EC}.Debug|Win32.ActiveCfg = Debug|Any CPU
		{59AD5D14-E89C-4C69-A611-15F4F112F6EC}.Debug|Win32.Build.0 = Debug|Any CPU
		{59AD5D14-E89C-4C69-A611-15F4F112F6EC}.Release|Any CPU.ActiveCfg = Release|Any CPU
		{59AD5D14-E89C-4C69-A611-15F4F112F6EC}.Release|Any CPU.Build.0 = Release|Any CPU
		{59AD5D14-E89C-4C69-A611-15F4F112F6EC}.Release|Mixed Platforms.ActiveCfg = Release|Any CPU
		{59AD5D14-E89C-4C69-A611-15F4F112F6EC}.Release|Mixed Platforms.Build.0 = Release|Any CPU
		{59AD5D14-E89C-4C69-A611-15F4F112F6EC}.Release|Win32.ActiveCfg = Release|Any CPU
		{59AD5D14-E89C-4C69-A611-15F4F112F6EC}.Release|Win32.Build.0 = Release|Any CPU
		{880999F1-8C2C-4798-8443-19D6CBED3D0F}.Debug|Any CPU.ActiveCfg = Debug|Any CPU
		{880999F1-8C2C-4798-8443-19D6CBED3D0F}.Debug|Any CPU.Build.0 = Debug|Any CPU
		{880999F1-8C2C-4798-8443-19D6CBED3D0F}.Debug|Mixed Platforms.ActiveCfg = Debug|Any CPU
		{880999F1-8C2C-4798-8443-19D6CBED3D0F}.Debug|Mixed Platforms.Build.0 = Debug|Any CPU
		{880999F1-8C2C-4798-8443-19D6CBED3D0F}.Debug|Win32.ActiveCfg = Debug|Any CPU
		{880999F1-8C2C-4798-8443-19D6CBED3D0F}.Debug|Win32.Build.0 = Debug|Any CPU
		{880999F1-8C2C-4798-8443-19D6CBED3D0F}.Release|Any CPU.ActiveCfg = Release|Any CPU
		{880999F1-8C2C-4798-8443-19D6CBED3D0F}.Release|Any CPU.Build.0 = Release|Any CPU
		{880999F1-8C2C-4798-8443-19D6CBED3D0F}.Release|Mixed Platforms.ActiveCfg = Release|Any CPU
		{880999F1-8C2C-4798-8443-19D6CBED3D0F}.Release|Mixed Platforms.Build.0 = Release|Any CPU
		{880999F1-8C2C-4798-8443-19D6CBED3D0F}.Release|Win32.ActiveCfg = Release|Any CPU
		{880999F1-8C2C-4798-8443-19D6CBED3D0F}.Release|Win32.Build.0 = Release|Any CPU
		{2970DE55-5A3A-4252-ABF9-9146A759AFD2}.Debug|Any CPU.ActiveCfg = Debug|Any CPU
		{2970DE55-5A3A-4252-ABF9-9146A759AFD2}.Debug|Any CPU.Build.0 = Debug|Any CPU
		{2970DE55-5A3A-4252-ABF9-9146A759AFD2}.Debug|Mixed Platforms.ActiveCfg = Debug|Any CPU
		{2970DE55-5A3A-4252-ABF9-9146A759AFD2}.Debug|Mixed Platforms.Build.0 = Debug|Any CPU
		{2970DE55-5A3A-4252-ABF9-9146A759AFD2}.Debug|Win32.ActiveCfg = Debug|Any CPU
		{2970DE55-5A3A-4252-ABF9-9146A759AFD2}.Debug|Win32.Build.0 = Debug|Any CPU
		{2970DE55-5A3A-4252-ABF9-9146A759AFD2}.Release|Any CPU.ActiveCfg = Release|Any CPU
		{2970DE55-5A3A-4252-ABF9-9146A759AFD2}.Release|Any CPU.Build.0 = Release|Any CPU
		{2970DE55-5A3A-4252-ABF9-9146A759AFD2}.Release|Mixed Platforms.ActiveCfg = Release|Any CPU
		{2970DE55-5A3A-4252-ABF9-9146A759AFD2}.Release|Mixed Platforms.Build.0 = Release|Any CPU
		{2970DE55-5A3A-4252-ABF9-9146A759AFD2}.Release|Win32.ActiveCfg = Release|Any CPU
		{2970DE55-5A3A-4252-ABF9-9146A759AFD2}.Release|Win32.Build.0 = Release|Any CPU
		{AAB30D88-20E8-5AF2-E863-11F6D5BCCF0B}.Debug|Any CPU.ActiveCfg = Debug|Any CPU
		{AAB30D88-20E8-5AF2-E863-11F6D5BCCF0B}.Debug|Any CPU.Build.0 = Debug|Any CPU
		{AAB30D88-20E8-5AF2-E863-11F6D5BCCF0B}.Debug|Mixed Platforms.ActiveCfg = Debug|Mixed Platforms
		{AAB30D88-20E8-5AF2-E863-11F6D5BCCF0B}.Debug|Mixed Platforms.Build.0 = Debug|Mixed Platforms
		{AAB30D88-20E8-5AF2-E863-11F6D5BCCF0B}.Debug|Win32.ActiveCfg = Debug|Win32
		{AAB30D88-20E8-5AF2-E863-11F6D5BCCF0B}.Debug|Win32.Build.0 = Debug|Win32
		{AAB30D88-20E8-5AF2-E863-11F6D5BCCF0B}.Release|Any CPU.ActiveCfg = Release|Any CPU
		{AAB30D88-20E8-5AF2-E863-11F6D5BCCF0B}.Release|Any CPU.Build.0 = Release|Any CPU
		{AAB30D88-20E8-5AF2-E863-11F6D5BCCF0B}.Release|Mixed Platforms.ActiveCfg = Release|Mixed Platforms
		{AAB30D88-20E8-5AF2-E863-11F6D5BCCF0B}.Release|Mixed Platforms.Build.0 = Release|Mixed Platforms
		{AAB30D88-20E8-5AF2-E863-11F6D5BCCF0B}.Release|Win32.ActiveCfg = Release|Win32
		{AAB30D88-20E8-5AF2-E863-11F6D5BCCF0B}.Release|Win32.Build.0 = Release|Win32
	EndGlobalSection
	GlobalSection(SolutionProperties) = preSolution
		HideSolutionNode = FALSE
	EndGlobalSection
	GlobalSection(ExtensibilityGlobals) = postSolution
		SolutionGuid = {9EFF99EA-5D9E-48B7-A277-E477BD55F517}
	EndGlobalSection
EndGlobal
